
Microsoft Visual Studio Solution File, Format Version 12.00
# Visual Studio Version 17
VisualStudioVersion = 17.5.33424.131
MinimumVisualStudioVersion = 10.0.40219.1
Project("{FAE04EC0-301F-11D3-BF4B-00C04F79EFBC}") = "Domasna1", "Domasna1\Domasna1.csproj", "{EBCB4F9C-00EE-4142-AD40-DFC93D61189E}"
EndProject
Global
	GlobalSection(SolutionConfigurationPlatforms) = preSolution
		Debug|Any CPU = Debug|Any CPU
		Release|Any CPU = Release|Any CPU
	EndGlobalSection
	GlobalSection(ProjectConfigurationPlatforms) = postSolution
		{EBCB4F9C-00EE-4142-AD40-DFC93D61189E}.Debug|Any CPU.ActiveCfg = Debug|Any CPU
		{EBCB4F9C-00EE-4142-AD40-DFC93D61189E}.Debug|Any CPU.Build.0 = Debug|Any CPU
		{EBCB4F9C-00EE-4142-AD40-DFC93D61189E}.Release|Any CPU.ActiveCfg = Release|Any CPU
		{EBCB4F9C-00EE-4142-AD40-DFC93D61189E}.Release|Any CPU.Build.0 = Release|Any CPU
	EndGlobalSection
	GlobalSection(SolutionProperties) = preSolution
		HideSolutionNode = FALSE
	EndGlobalSection
	GlobalSection(ExtensibilityGlobals) = postSolution
		SolutionGuid = {F2F57943-4874-4DB2-8D3A-8DD4499FC94D}
	EndGlobalSection
EndGlobal
