
Microsoft Visual Studio Solution File, Format Version 12.00
# Visual Studio Version 17
VisualStudioVersion = 17.2.32630.192
MinimumVisualStudioVersion = 10.0.40219.1
Project("{9A19103F-16F7-4668-BE54-9A1E7A4F7556}") = "Homework4", "Homework4\Homework4.csproj", "{2D8F0D0B-B230-42A8-AF42-C835ED8F6D76}"
EndProject
Global
	GlobalSection(SolutionConfigurationPlatforms) = preSolution
		Debug|Any CPU = Debug|Any CPU
		Release|Any CPU = Release|Any CPU
	EndGlobalSection
	GlobalSection(ProjectConfigurationPlatforms) = postSolution
		{2D8F0D0B-B230-42A8-AF42-C835ED8F6D76}.Debug|Any CPU.ActiveCfg = Debug|Any CPU
		{2D8F0D0B-B230-42A8-AF42-C835ED8F6D76}.Debug|Any CPU.Build.0 = Debug|Any CPU
		{2D8F0D0B-B230-42A8-AF42-C835ED8F6D76}.Release|Any CPU.ActiveCfg = Release|Any CPU
		{2D8F0D0B-B230-42A8-AF42-C835ED8F6D76}.Release|Any CPU.Build.0 = Release|Any CPU
	EndGlobalSection
	GlobalSection(SolutionProperties) = preSolution
		HideSolutionNode = FALSE
	EndGlobalSection
	GlobalSection(ExtensibilityGlobals) = postSolution
		SolutionGuid = {A359FD50-1ACE-4715-93F5-BE2667B1DB53}
	EndGlobalSection
EndGlobal
