
Microsoft Visual Studio Solution File, Format Version 12.00
# Visual Studio Version 17
VisualStudioVersion = 17.5.33516.290
MinimumVisualStudioVersion = 10.0.40219.1
Project("{FAE04EC0-301F-11D3-BF4B-00C04F79EFBC}") = "Bonus_Homework_ATM", "Bonus_Homework_ATM\Bonus_Homework_ATM.csproj", "{1D24255F-8525-4773-8A5A-A9F3FA5B3FF8}"
EndProject
Global
	GlobalSection(SolutionConfigurationPlatforms) = preSolution
		Debug|Any CPU = Debug|Any CPU
		Release|Any CPU = Release|Any CPU
	EndGlobalSection
	GlobalSection(ProjectConfigurationPlatforms) = postSolution
		{1D24255F-8525-4773-8A5A-A9F3FA5B3FF8}.Debug|Any CPU.ActiveCfg = Debug|Any CPU
		{1D24255F-8525-4773-8A5A-A9F3FA5B3FF8}.Debug|Any CPU.Build.0 = Debug|Any CPU
		{1D24255F-8525-4773-8A5A-A9F3FA5B3FF8}.Release|Any CPU.ActiveCfg = Release|Any CPU
		{1D24255F-8525-4773-8A5A-A9F3FA5B3FF8}.Release|Any CPU.Build.0 = Release|Any CPU
	EndGlobalSection
	GlobalSection(SolutionProperties) = preSolution
		HideSolutionNode = FALSE
	EndGlobalSection
	GlobalSection(ExtensibilityGlobals) = postSolution
		SolutionGuid = {549C160C-33FE-405D-B104-A7F03C901447}
	EndGlobalSection
EndGlobal
